
Microsoft Visual Studio Solution File, Format Version 12.00
# Visual Studio Version 16
VisualStudioVersion = 16.0.30907.101
MinimumVisualStudioVersion = 10.0.40219.1
Project("{FAE04EC0-301F-11D3-BF4B-00C04F79EFBC}") = "1DArray", "1DArray\1DArray.csproj", "{6ABB5E7E-5096-4B1A-8A4D-ED6213D36F33}"
EndProject
Global
	GlobalSection(SolutionConfigurationPlatforms) = preSolution
		Debug|Any CPU = Debug|Any CPU
		Release|Any CPU = Release|Any CPU
	EndGlobalSection
	GlobalSection(ProjectConfigurationPlatforms) = postSolution
		{6ABB5E7E-5096-4B1A-8A4D-ED6213D36F33}.Debug|Any CPU.ActiveCfg = Debug|Any CPU
		{6ABB5E7E-5096-4B1A-8A4D-ED6213D36F33}.Debug|Any CPU.Build.0 = Debug|Any CPU
		{6ABB5E7E-5096-4B1A-8A4D-ED6213D36F33}.Release|Any CPU.ActiveCfg = Release|Any CPU
		{6ABB5E7E-5096-4B1A-8A4D-ED6213D36F33}.Release|Any CPU.Build.0 = Release|Any CPU
	EndGlobalSection
	GlobalSection(SolutionProperties) = preSolution
		HideSolutionNode = FALSE
	EndGlobalSection
	GlobalSection(ExtensibilityGlobals) = postSolution
		SolutionGuid = {77865EB7-CDDE-43C2-8AC5-17E46306CBF2}
	EndGlobalSection
EndGlobal
